
Microsoft Visual Studio Solution File, Format Version 12.00
# Visual Studio Version 16
VisualStudioVersion = 16.0.32228.343
MinimumVisualStudioVersion = 10.0.40219.1
Project("{9A19103F-16F7-4668-BE54-9A1E7A4F7556}") = "DSPTransportStat", "DSPTransportStat.csproj", "{9CEF0D51-8DC0-4C53-BB99-852DB6900C85}"
EndProject
Global
	GlobalSection(SolutionConfigurationPlatforms) = preSolution
		Debug|Any CPU = Debug|Any CPU
		Release|Any CPU = Release|Any CPU
	EndGlobalSection
	GlobalSection(ProjectConfigurationPlatforms) = postSolution
		{9CEF0D51-8DC0-4C53-BB99-852DB6900C85}.Debug|Any CPU.ActiveCfg = Debug|Any CPU
		{9CEF0D51-8DC0-4C53-BB99-852DB6900C85}.Debug|Any CPU.Build.0 = Debug|Any CPU
		{9CEF0D51-8DC0-4C53-BB99-852DB6900C85}.Release|Any CPU.ActiveCfg = Release|Any CPU
		{9CEF0D51-8DC0-4C53-BB99-852DB6900C85}.Release|Any CPU.Build.0 = Release|Any CPU
	EndGlobalSection
	GlobalSection(SolutionProperties) = preSolution
		HideSolutionNode = FALSE
	EndGlobalSection
	GlobalSection(ExtensibilityGlobals) = postSolution
		SolutionGuid = {88802BE0-A4CD-44BF-A40B-63126E6963FF}
	EndGlobalSection
EndGlobal
